
Microsoft Visual Studio Solution File, Format Version 12.00
Project("{FAE04EC0-301F-11D3-BF4B-00C04F79EFBC}") = "Laboratorium3.Zadanie2.NET", "Laboratorium3.Zadanie2.NET\Laboratorium3.Zadanie2.NET.csproj", "{84212E8D-F877-417C-968F-FFD7E770FBFD}"
EndProject
Global
	GlobalSection(SolutionConfigurationPlatforms) = preSolution
		Debug|Any CPU = Debug|Any CPU
		Release|Any CPU = Release|Any CPU
	EndGlobalSection
	GlobalSection(ProjectConfigurationPlatforms) = postSolution
		{84212E8D-F877-417C-968F-FFD7E770FBFD}.Debug|Any CPU.ActiveCfg = Debug|Any CPU
		{84212E8D-F877-417C-968F-FFD7E770FBFD}.Debug|Any CPU.Build.0 = Debug|Any CPU
		{84212E8D-F877-417C-968F-FFD7E770FBFD}.Release|Any CPU.ActiveCfg = Release|Any CPU
		{84212E8D-F877-417C-968F-FFD7E770FBFD}.Release|Any CPU.Build.0 = Release|Any CPU
	EndGlobalSection
EndGlobal
